// !$*UTF8*$!
{
	archiveVersion = 1;
	classes = {
	};
	objectVersion = 55;
	objects = {

/* Begin PBXBuildFile section */
		53B5FA0827D054800098A1F9 /* AppDelegate.swift in Sources */ = {isa = PBXBuildFile; fileRef = 53B5FA0727D054800098A1F9 /* AppDelegate.swift */; };
		53B5FA0A27D054800098A1F9 /* SceneDelegate.swift in Sources */ = {isa = PBXBuildFile; fileRef = 53B5FA0927D054800098A1F9 /* SceneDelegate.swift */; };
		53B5FA0C27D054800098A1F9 /* ViewController.swift in Sources */ = {isa = PBXBuildFile; fileRef = 53B5FA0B27D054800098A1F9 /* ViewController.swift */; };
		53B5FA0F27D054800098A1F9 /* Main.storyboard in Resources */ = {isa = PBXBuildFile; fileRef = 53B5FA0D27D054800098A1F9 /* Main.storyboard */; };
		53B5FA1127D0548A0098A1F9 /* Assets.xcassets in Resources */ = {isa = PBXBuildFile; fileRef = 53B5FA1027D0548A0098A1F9 /* Assets.xcassets */; };
		53B5FA1427D0548A0098A1F9 /* LaunchScreen.storyboard in Resources */ = {isa = PBXBuildFile; fileRef = 53B5FA1227D0548A0098A1F9 /* LaunchScreen.storyboard */; };
		53B5FA1F27D0548B0098A1F9 /* GachaAppTests.swift in Sources */ = {isa = PBXBuildFile; fileRef = 53B5FA1E27D0548B0098A1F9 /* GachaAppTests.swift */; };
		53B5FA2927D0548B0098A1F9 /* GachaAppUITests.swift in Sources */ = {isa = PBXBuildFile; fileRef = 53B5FA2827D0548B0098A1F9 /* GachaAppUITests.swift */; };
		53B5FA2B27D0548B0098A1F9 /* GachaAppUITestsLaunchTests.swift in Sources */ = {isa = PBXBuildFile; fileRef = 53B5FA2A27D0548B0098A1F9 /* GachaAppUITestsLaunchTests.swift */; };
/* End PBXBuildFile section */

/* Begin PBXContainerItemProxy section */
		53B5FA1B27D0548B0098A1F9 /* PBXContainerItemProxy */ = {
			isa = PBXContainerItemProxy;
			containerPortal = 53B5F9FC27D0547F0098A1F9 /* Project object */;
			proxyType = 1;
			remoteGlobalIDString = 53B5FA0327D054800098A1F9;
			remoteInfo = GachaApp;
		};
		53B5FA2527D0548B0098A1F9 /* PBXContainerItemProxy */ = {
			isa = PBXContainerItemProxy;
			containerPortal = 53B5F9FC27D0547F0098A1F9 /* Project object */;
			proxyType = 1;
			remoteGlobalIDString = 53B5FA0327D054800098A1F9;
			remoteInfo = GachaApp;
		};
/* End PBXContainerItemProxy section */

/* Begin PBXFileReference section */
		53B5FA0427D054800098A1F9 /* GachaApp.app */ = {isa = PBXFileReference; explicitFileType = wrapper.application; includeInIndex = 0; path = GachaApp.app; sourceTree = BUILT_PRODUCTS_DIR; };
		53B5FA0727D054800098A1F9 /* AppDelegate.swift */ = {isa = PBXFileReference; lastKnownFileType = sourcecode.swift; path = AppDelegate.swift; sourceTree = "<group>"; };
		53B5FA0927D054800098A1F9 /* SceneDelegate.swift */ = {isa = PBXFileReference; lastKnownFileType = sourcecode.swift; path = SceneDelegate.swift; sourceTree = "<group>"; };
		53B5FA0B27D054800098A1F9 /* ViewController.swift */ = {isa = PBXFileReference; lastKnownFileType = sourcecode.swift; path = ViewController.swift; sourceTree = "<group>"; };
		53B5FA0E27D054800098A1F9 /* Base */ = {isa = PBXFileReference; lastKnownFileType = file.storyboard; name = Base; path = Base.lproj/Main.storyboard; sourceTree = "<group>"; };
		53B5FA1027D0548A0098A1F9 /* Assets.xcassets */ = {isa = PBXFileReference; lastKnownFileType = folder.assetcatalog; path = Assets.xcassets; sourceTree = "<group>"; };
		53B5FA1327D0548A0098A1F9 /* Base */ = {isa = PBXFileReference; lastKnownFileType = file.storyboard; name = Base; path = Base.lproj/LaunchScreen.storyboard; sourceTree = "<group>"; };
		53B5FA1527D0548A0098A1F9 /* Info.plist */ = {isa = PBXFileReference; lastKnownFileType = text.plist.xml; path = Info.plist; sourceTree = "<group>"; };
		53B5FA1A27D0548B0098A1F9 /* GachaAppTests.xctest */ = {isa = PBXFileReference; explicitFileType = wrapper.cfbundle; includeInIndex = 0; path = GachaAppTests.xctest; sourceTree = BUILT_PRODUCTS_DIR; };
		53B5FA1E27D0548B0098A1F9 /* GachaAppTests.swift */ = {isa = PBXFileReference; lastKnownFileType = sourcecode.swift; path = GachaAppTests.swift; sourceTree = "<group>"; };
		53B5FA2427D0548B0098A1F9 /* GachaAppUITests.xctest */ = {isa = PBXFileReference; explicitFileType = wrapper.cfbundle; includeInIndex = 0; path = GachaAppUITests.xctest; sourceTree = BUILT_PRODUCTS_DIR; };
		53B5FA2827D0548B0098A1F9 /* GachaAppUITests.swift */ = {isa = PBXFileReference; lastKnownFileType = sourcecode.swift; path = GachaAppUITests.swift; sourceTree = "<group>"; };
		53B5FA2A27D0548B0098A1F9 /* GachaAppUITestsLaunchTests.swift */ = {isa = PBXFileReference; lastKnownFileType = sourcecode.swift; path = GachaAppUITestsLaunchTests.swift; sourceTree = "<group>"; };
/* End PBXFileReference section */

/* Begin PBXFrameworksBuildPhase section */
		53B5FA0127D054800098A1F9 /* Frameworks */ = {
			isa = PBXFrameworksBuildPhase;
			buildActionMask = 2147483647;
			files = (
			);
			runOnlyForDeploymentPostprocessing = 0;
		};
		53B5FA1727D0548B0098A1F9 /* Frameworks */ = {
			isa = PBXFrameworksBuildPhase;
			buildActionMask = 2147483647;
			files = (
			);
			runOnlyForDeploymentPostprocessing = 0;
		};
		53B5FA2127D0548B0098A1F9 /* Frameworks */ = {
			isa = PBXFrameworksBuildPhase;
			buildActionMask = 2147483647;
			files = (
			);
			runOnlyForDeploymentPostprocessing = 0;
		};
/* End PBXFrameworksBuildPhase section */

/* Begin PBXGroup section */
		53B5F9FB27D0547F0098A1F9 = {
			isa = PBXGroup;
			children = (
				53B5FA0627D054800098A1F9 /* GachaApp */,
				53B5FA1D27D0548B0098A1F9 /* GachaAppTests */,
				53B5FA2727D0548B0098A1F9 /* GachaAppUITests */,
				53B5FA0527D054800098A1F9 /* Products */,
			);
			sourceTree = "<group>";
		};
		53B5FA0527D054800098A1F9 /* Products */ = {
			isa = PBXGroup;
			children = (
				53B5FA0427D054800098A1F9 /* GachaApp.app */,
				53B5FA1A27D0548B0098A1F9 /* GachaAppTests.xctest */,
				53B5FA2427D0548B0098A1F9 /* GachaAppUITests.xctest */,
			);
			name = Products;
			sourceTree = "<group>";
		};
		53B5FA0627D054800098A1F9 /* GachaApp */ = {
			isa = PBXGroup;
			children = (
				53B5FA0727D054800098A1F9 /* AppDelegate.swift */,
				53B5FA0927D054800098A1F9 /* SceneDelegate.swift */,
				53B5FA0B27D054800098A1F9 /* ViewController.swift */,
				53B5FA0D27D054800098A1F9 /* Main.storyboard */,
				53B5FA1027D0548A0098A1F9 /* Assets.xcassets */,
				53B5FA1227D0548A0098A1F9 /* LaunchScreen.storyboard */,
				53B5FA1527D0548A0098A1F9 /* Info.plist */,
			);
			path = GachaApp;
			sourceTree = "<group>";
		};
		53B5FA1D27D0548B0098A1F9 /* GachaAppTests */ = {
			isa = PBXGroup;
			children = (
				53B5FA1E27D0548B0098A1F9 /* GachaAppTests.swift */,
			);
			path = GachaAppTests;
			sourceTree = "<group>";
		};
		53B5FA2727D0548B0098A1F9 /* GachaAppUITests */ = {
			isa = PBXGroup;
			children = (
				53B5FA2827D0548B0098A1F9 /* GachaAppUITests.swift */,
				53B5FA2A27D0548B0098A1F9 /* GachaAppUITestsLaunchTests.swift */,
			);
			path = GachaAppUITests;
			sourceTree = "<group>";
		};
/* End PBXGroup section */

/* Begin PBXNativeTarget section */
		53B5FA0327D054800098A1F9 /* GachaApp */ = {
			isa = PBXNativeTarget;
			buildConfigurationList = 53B5FA2E27D0548B0098A1F9 /* Build configuration list for PBXNativeTarget "GachaApp" */;
			buildPhases = (
				53B5FA0027D054800098A1F9 /* Sources */,
				53B5FA0127D054800098A1F9 /* Frameworks */,
				53B5FA0227D054800098A1F9 /* Resources */,
			);
			buildRules = (
			);
			dependencies = (
			);
			name = GachaApp;
			productName = GachaApp;
			productReference = 53B5FA0427D054800098A1F9 /* GachaApp.app */;
			productType = "com.apple.product-type.application";
		};
		53B5FA1927D0548B0098A1F9 /* GachaAppTests */ = {
			isa = PBXNativeTarget;
			buildConfigurationList = 53B5FA3127D0548B0098A1F9 /* Build configuration list for PBXNativeTarget "GachaAppTests" */;
			buildPhases = (
				53B5FA1627D0548B0098A1F9 /* Sources */,
				53B5FA1727D0548B0098A1F9 /* Frameworks */,
				53B5FA1827D0548B0098A1F9 /* Resources */,
			);
			buildRules = (
			);
			dependencies = (
				53B5FA1C27D0548B0098A1F9 /* PBXTargetDependency */,
			);
			name = GachaAppTests;
			productName = GachaAppTests;
			productReference = 53B5FA1A27D0548B0098A1F9 /* GachaAppTests.xctest */;
			productType = "com.apple.product-type.bundle.unit-test";
		};
		53B5FA2327D0548B0098A1F9 /* GachaAppUITests */ = {
			isa = PBXNativeTarget;
			buildConfigurationList = 53B5FA3427D0548B0098A1F9 /* Build configuration list for PBXNativeTarget "GachaAppUITests" */;
			buildPhases = (
				53B5FA2027D0548B0098A1F9 /* Sources */,
				53B5FA2127D0548B0098A1F9 /* Frameworks */,
				53B5FA2227D0548B0098A1F9 /* Resources */,
			);
			buildRules = (
			);
			dependencies = (
				53B5FA2627D0548B0098A1F9 /* PBXTargetDependency */,
			);
			name = GachaAppUITests;
			productName = GachaAppUITests;
			productReference = 53B5FA2427D0548B0098A1F9 /* GachaAppUITests.xctest */;
			productType = "com.apple.product-type.bundle.ui-testing";
		};
/* End PBXNativeTarget section */

/* Begin PBXProject section */
		53B5F9FC27D0547F0098A1F9 /* Project object */ = {
			isa = PBXProject;
			attributes = {
				BuildIndependentTargetsInParallel = 1;
				LastSwiftUpdateCheck = 1320;
				LastUpgradeCheck = 1320;
				TargetAttributes = {
					53B5FA0327D054800098A1F9 = {
						CreatedOnToolsVersion = 13.2.1;
					};
					53B5FA1927D0548B0098A1F9 = {
						CreatedOnToolsVersion = 13.2.1;
						TestTargetID = 53B5FA0327D054800098A1F9;
					};
					53B5FA2327D0548B0098A1F9 = {
						CreatedOnToolsVersion = 13.2.1;
						TestTargetID = 53B5FA0327D054800098A1F9;
					};
				};
			};
			buildConfigurationList = 53B5F9FF27D0547F0098A1F9 /* Build configuration list for PBXProject "GachaApp" */;
			compatibilityVersion = "Xcode 13.0";
			developmentRegion = en;
			hasScannedForEncodings = 0;
			knownRegions = (
				en,
				Base,
			);
			mainGroup = 53B5F9FB27D0547F0098A1F9;
			productRefGroup = 53B5FA0527D054800098A1F9 /* Products */;
			projectDirPath = "";
			projectRoot = "";
			targets = (
				53B5FA0327D054800098A1F9 /* GachaApp */,
				53B5FA1927D0548B0098A1F9 /* GachaAppTests */,
				53B5FA2327D0548B0098A1F9 /* GachaAppUITests */,
			);
		};
/* End PBXProject section */

/* Begin PBXResourcesBuildPhase section */
		53B5FA0227D054800098A1F9 /* Resources */ = {
			isa = PBXResourcesBuildPhase;
			buildActionMask = 2147483647;
			files = (
				53B5FA1427D0548A0098A1F9 /* LaunchScreen.storyboard in Resources */,
				53B5FA1127D0548A0098A1F9 /* Assets.xcassets in Resources */,
				53B5FA0F27D054800098A1F9 /* Main.storyboard in Resources */,
			);
			runOnlyForDeploymentPostprocessing = 0;
		};
		53B5FA1827D0548B0098A1F9 /* Resources */ = {
			isa = PBXResourcesBuildPhase;
			buildActionMask = 2147483647;
			files = (
			);
			runOnlyForDeploymentPostprocessing = 0;
		};
		53B5FA2227D0548B0098A1F9 /* Resources */ = {
			isa = PBXResourcesBuildPhase;
			buildActionMask = 2147483647;
			files = (
			);
			runOnlyForDeploymentPostprocessing = 0;
		};
/* End PBXResourcesBuildPhase section */

/* Begin PBXSourcesBuildPhase section */
		53B5FA0027D054800098A1F9 /* Sources */ = {
			isa = PBXSourcesBuildPhase;
			buildActionMask = 2147483647;
			files = (
				53B5FA0C27D054800098A1F9 /* ViewController.swift in Sources */,
				53B5FA0827D054800098A1F9 /* AppDelegate.swift in Sources */,
				53B5FA0A27D054800098A1F9 /* SceneDelegate.swift in Sources */,
			);
			runOnlyForDeploymentPostprocessing = 0;
		};
		53B5FA1627D0548B0098A1F9 /* Sources */ = {
			isa = PBXSourcesBuildPhase;
			buildActionMask = 2147483647;
			files = (
				53B5FA1F27D0548B0098A1F9 /* GachaAppTests.swift in Sources */,
			);
			runOnlyForDeploymentPostprocessing = 0;
		};
		53B5FA2027D0548B0098A1F9 /* Sources */ = {
			isa = PBXSourcesBuildPhase;
			buildActionMask = 2147483647;
			files = (
				53B5FA2B27D0548B0098A1F9 /* GachaAppUITestsLaunchTests.swift in Sources */,
				53B5FA2927D0548B0098A1F9 /* GachaAppUITests.swift in Sources */,
			);
			runOnlyForDeploymentPostprocessing = 0;
		};
/* End PBXSourcesBuildPhase section */

/* Begin PBXTargetDependency section */
		53B5FA1C27D0548B0098A1F9 /* PBXTargetDependency */ = {
			isa = PBXTargetDependency;
			target = 53B5FA0327D054800098A1F9 /* GachaApp */;
			targetProxy = 53B5FA1B27D0548B0098A1F9 /* PBXContainerItemProxy */;
		};
		53B5FA2627D0548B0098A1F9 /* PBXTargetDependency */ = {
			isa = PBXTargetDependency;
			target = 53B5FA0327D054800098A1F9 /* GachaApp */;
			targetProxy = 53B5FA2527D0548B0098A1F9 /* PBXContainerItemProxy */;
		};
/* End PBXTargetDependency section */

/* Begin PBXVariantGroup section */
		53B5FA0D27D054800098A1F9 /* Main.storyboard */ = {
			isa = PBXVariantGroup;
			children = (
				53B5FA0E27D054800098A1F9 /* Base */,
			);
			name = Main.storyboard;
			sourceTree = "<group>";
		};
		53B5FA1227D0548A0098A1F9 /* LaunchScreen.storyboard */ = {
			isa = PBXVariantGroup;
			children = (
				53B5FA1327D0548A0098A1F9 /* Base */,
			);
			name = LaunchScreen.storyboard;
			sourceTree = "<group>";
		};
/* End PBXVariantGroup section */

/* Begin XCBuildConfiguration section */
		53B5FA2C27D0548B0098A1F9 /* Debug */ = {
			isa = XCBuildConfiguration;
			buildSettings = {
				ALWAYS_SEARCH_USER_PATHS = NO;
				CLANG_ANALYZER_NONNULL = YES;
				CLANG_ANALYZER_NUMBER_OBJECT_CONVERSION = YES_AGGRESSIVE;
				CLANG_CXX_LANGUAGE_STANDARD = "gnu++17";
				CLANG_CXX_LIBRARY = "libc++";
				CLANG_ENABLE_MODULES = YES;
				CLANG_ENABLE_OBJC_ARC = YES;
				CLANG_ENABLE_OBJC_WEAK = YES;
				CLANG_WARN_BLOCK_CAPTURE_AUTORELEASING = YES;
				CLANG_WARN_BOOL_CONVERSION = YES;
				CLANG_WARN_COMMA = YES;
				CLANG_WARN_CONSTANT_CONVERSION = YES;
				CLANG_WARN_DEPRECATED_OBJC_IMPLEMENTATIONS = YES;
				CLANG_WARN_DIRECT_OBJC_ISA_USAGE = YES_ERROR;
				CLANG_WARN_DOCUMENTATION_COMMENTS = YES;
				CLANG_WARN_EMPTY_BODY = YES;
				CLANG_WARN_ENUM_CONVERSION = YES;
				CLANG_WARN_INFINITE_RECURSION = YES;
				CLANG_WARN_INT_CONVERSION = YES;
				CLANG_WARN_NON_LITERAL_NULL_CONVERSION = YES;
				CLANG_WARN_OBJC_IMPLICIT_RETAIN_SELF = YES;
				CLANG_WARN_OBJC_LITERAL_CONVERSION = YES;
				CLANG_WARN_OBJC_ROOT_CLASS = YES_ERROR;
				CLANG_WARN_QUOTED_INCLUDE_IN_FRAMEWORK_HEADER = YES;
				CLANG_WARN_RANGE_LOOP_ANALYSIS = YES;
				CLANG_WARN_STRICT_PROTOTYPES = YES;
				CLANG_WARN_SUSPICIOUS_MOVE = YES;
				CLANG_WARN_UNGUARDED_AVAILABILITY = YES_AGGRESSIVE;
				CLANG_WARN_UNREACHABLE_CODE = YES;
				CLANG_WARN__DUPLICATE_METHOD_MATCH = YES;
				COPY_PHASE_STRIP = NO;
				DEBUG_INFORMATION_FORMAT = dwarf;
				ENABLE_STRICT_OBJC_MSGSEND = YES;
				ENABLE_TESTABILITY = YES;
				GCC_C_LANGUAGE_STANDARD = gnu11;
				GCC_DYNAMIC_NO_PIC = NO;
				GCC_NO_COMMON_BLOCKS = YES;
				GCC_OPTIMIZATION_LEVEL = 0;
				GCC_PREPROCESSOR_DEFINITIONS = (
					"DEBUG=1",
					"$(inherited)",
				);
				GCC_WARN_64_TO_32_BIT_CONVERSION = YES;
				GCC_WARN_ABOUT_RETURN_TYPE = YES_ERROR;
				GCC_WARN_UNDECLARED_SELECTOR = YES;
				GCC_WARN_UNINITIALIZED_AUTOS = YES_AGGRESSIVE;
				GCC_WARN_UNUSED_FUNCTION = YES;
				GCC_WARN_UNUSED_VARIABLE = YES;
				IPHONEOS_DEPLOYMENT_TARGET = 15.2;
				MTL_ENABLE_DEBUG_INFO = INCLUDE_SOURCE;
				MTL_FAST_MATH = YES;
				ONLY_ACTIVE_ARCH = YES;
				SDKROOT = iphoneos;
				SWIFT_ACTIVE_COMPILATION_CONDITIONS = DEBUG;
				SWIFT_OPTIMIZATION_LEVEL = "-Onone";
			};
			name = Debug;
		};
		53B5FA2D27D0548B0098A1F9 /* Release */ = {
			isa = XCBuildConfiguration;
			buildSettings = {
				ALWAYS_SEARCH_USER_PATHS = NO;
				CLANG_ANALYZER_NONNULL = YES;
				CLANG_ANALYZER_NUMBER_OBJECT_CONVERSION = YES_AGGRESSIVE;
				CLANG_CXX_LANGUAGE_STANDARD = "gnu++17";
				CLANG_CXX_LIBRARY = "libc++";
				CLANG_ENABLE_MODULES = YES;
				CLANG_ENABLE_OBJC_ARC = YES;
				CLANG_ENABLE_OBJC_WEAK = YES;
				CLANG_WARN_BLOCK_CAPTURE_AUTORELEASING = YES;
				CLANG_WARN_BOOL_CONVERSION = YES;
				CLANG_WARN_COMMA = YES;
				CLANG_WARN_CONSTANT_CONVERSION = YES;
				CLANG_WARN_DEPRECATED_OBJC_IMPLEMENTATIONS = YES;
				CLANG_WARN_DIRECT_OBJC_ISA_USAGE = YES_ERROR;
				CLANG_WARN_DOCUMENTATION_COMMENTS = YES;
				CLANG_WARN_EMPTY_BODY = YES;
				CLANG_WARN_ENUM_CONVERSION = YES;
				CLANG_WARN_INFINITE_RECURSION = YES;
				CLANG_WARN_INT_CONVERSION = YES;
				CLANG_WARN_NON_LITERAL_NULL_CONVERSION = YES;
				CLANG_WARN_OBJC_IMPLICIT_RETAIN_SELF = YES;
				CLANG_WARN_OBJC_LITERAL_CONVERSION = YES;
				CLANG_WARN_OBJC_ROOT_CLASS = YES_ERROR;
				CLANG_WARN_QUOTED_INCLUDE_IN_FRAMEWORK_HEADER = YES;
				CLANG_WARN_RANGE_LOOP_ANALYSIS = YES;
				CLANG_WARN_STRICT_PROTOTYPES = YES;
				CLANG_WARN_SUSPICIOUS_MOVE = YES;
				CLANG_WARN_UNGUARDED_AVAILABILITY = YES_AGGRESSIVE;
				CLANG_WARN_UNREACHABLE_CODE = YES;
				CLANG_WARN__DUPLICATE_METHOD_MATCH = YES;
				COPY_PHASE_STRIP = NO;
				DEBUG_INFORMATION_FORMAT = "dwarf-with-dsym";
				ENABLE_NS_ASSERTIONS = NO;
				ENABLE_STRICT_OBJC_MSGSEND = YES;
				GCC_C_LANGUAGE_STANDARD = gnu11;
				GCC_NO_COMMON_BLOCKS = YES;
				GCC_WARN_64_TO_32_BIT_CONVERSION = YES;
				GCC_WARN_ABOUT_RETURN_TYPE = YES_ERROR;
				GCC_WARN_UNDECLARED_SELECTOR = YES;
				GCC_WARN_UNINITIALIZED_AUTOS = YES_AGGRESSIVE;
				GCC_WARN_UNUSED_FUNCTION = YES;
				GCC_WARN_UNUSED_VARIABLE = YES;
				IPHONEOS_DEPLOYMENT_TARGET = 15.2;
				MTL_ENABLE_DEBUG_INFO = NO;
				MTL_FAST_MATH = YES;
				SDKROOT = iphoneos;
				SWIFT_COMPILATION_MODE = wholemodule;
				SWIFT_OPTIMIZATION_LEVEL = "-O";
				VALIDATE_PRODUCT = YES;
			};
			name = Release;
		};
		53B5FA2F27D0548B0098A1F9 /* Debug */ = {
			isa = XCBuildConfiguration;
			buildSettings = {
				ASSETCATALOG_COMPILER_APPICON_NAME = AppIcon;
				ASSETCATALOG_COMPILER_GLOBAL_ACCENT_COLOR_NAME = AccentColor;
				CODE_SIGN_STYLE = Automatic;
				CURRENT_PROJECT_VERSION = 1;
				GENERATE_INFOPLIST_FILE = YES;
				INFOPLIST_FILE = GachaApp/Info.plist;
				INFOPLIST_KEY_UIApplicationSupportsIndirectInputEvents = YES;
				INFOPLIST_KEY_UILaunchStoryboardName = LaunchScreen;
				INFOPLIST_KEY_UIMainStoryboardFile = Main;
				INFOPLIST_KEY_UISupportedInterfaceOrientations_iPad = "UIInterfaceOrientationPortrait UIInterfaceOrientationPortraitUpsideDown UIInterfaceOrientationLandscapeLeft UIInterfaceOrientationLandscapeRight";
				INFOPLIST_KEY_UISupportedInterfaceOrientations_iPhone = "UIInterfaceOrientationPortrait UIInterfaceOrientationLandscapeLeft UIInterfaceOrientationLandscapeRight";
				LD_RUNPATH_SEARCH_PATHS = (
					"$(inherited)",
					"@executable_path/Frameworks",
				);
				MARKETING_VERSION = 1.0;
				PRODUCT_BUNDLE_IDENTIFIER = com.hoge.GachaApp;
				PRODUCT_NAME = "$(TARGET_NAME)";
				SWIFT_EMIT_LOC_STRINGS = YES;
				SWIFT_VERSION = 5.0;
				TARGETED_DEVICE_FAMILY = "1,2";
			};
			name = Debug;
		};
		53B5FA3027D0548B0098A1F9 /* Release */ = {
			isa = XCBuildConfiguration;
			buildSettings = {
				ASSETCATALOG_COMPILER_APPICON_NAME = AppIcon;
				ASSETCATALOG_COMPILER_GLOBAL_ACCENT_COLOR_NAME = AccentColor;
				CODE_SIGN_STYLE = Automatic;
				CURRENT_PROJECT_VERSION = 1;
				GENERATE_INFOPLIST_FILE = YES;
				INFOPLIST_FILE = GachaApp/Info.plist;
				INFOPLIST_KEY_UIApplicationSupportsIndirectInputEvents = YES;
				INFOPLIST_KEY_UILaunchStoryboardName = LaunchScreen;
				INFOPLIST_KEY_UIMainStoryboardFile = Main;
				INFOPLIST_KEY_UISupportedInterfaceOrientations_iPad = "UIInterfaceOrientationPortrait UIInterfaceOrientationPortraitUpsideDown UIInterfaceOrientationLandscapeLeft UIInterfaceOrientationLandscapeRight";
				INFOPLIST_KEY_UISupportedInterfaceOrientations_iPhone = "UIInterfaceOrientationPortrait UIInterfaceOrientationLandscapeLeft UIInterfaceOrientationLandscapeRight";
				LD_RUNPATH_SEARCH_PATHS = (
					"$(inherited)",
					"@executable_path/Frameworks",
				);
				MARKETING_VERSION = 1.0;
				PRODUCT_BUNDLE_IDENTIFIER = com.hoge.GachaApp;
				PRODUCT_NAME = "$(TARGET_NAME)";
				SWIFT_EMIT_LOC_STRINGS = YES;
				SWIFT_VERSION = 5.0;
				TARGETED_DEVICE_FAMILY = "1,2";
			};
			name = Release;
		};
		53B5FA3227D0548B0098A1F9 /* Debug */ = {
			isa = XCBuildConfiguration;
			buildSettings = {
				ALWAYS_EMBED_SWIFT_STANDARD_LIBRARIES = YES;
				BUNDLE_LOADER = "$(TEST_HOST)";
				CODE_SIGN_STYLE = Automatic;
				CURRENT_PROJECT_VERSION = 1;
				GENERATE_INFOPLIST_FILE = YES;
				IPHONEOS_DEPLOYMENT_TARGET = 15.2;
				MARKETING_VERSION = 1.0;
				PRODUCT_BUNDLE_IDENTIFIER = com.hoge.GachaAppTests;
				PRODUCT_NAME = "$(TARGET_NAME)";
				SWIFT_EMIT_LOC_STRINGS = NO;
				SWIFT_VERSION = 5.0;
				TARGETED_DEVICE_FAMILY = "1,2";
				TEST_HOST = "$(BUILT_PRODUCTS_DIR)/GachaApp.app/GachaApp";
			};
			name = Debug;
		};
		53B5FA3327D0548B0098A1F9 /* Release */ = {
			isa = XCBuildConfiguration;
			buildSettings = {
				ALWAYS_EMBED_SWIFT_STANDARD_LIBRARIES = YES;
				BUNDLE_LOADER = "$(TEST_HOST)";
				CODE_SIGN_STYLE = Automatic;
				CURRENT_PROJECT_VERSION = 1;
				GENERATE_INFOPLIST_FILE = YES;
				IPHONEOS_DEPLOYMENT_TARGET = 15.2;
				MARKETING_VERSION = 1.0;
				PRODUCT_BUNDLE_IDENTIFIER = com.hoge.GachaAppTests;
				PRODUCT_NAME = "$(TARGET_NAME)";
				SWIFT_EMIT_LOC_STRINGS = NO;
				SWIFT_VERSION = 5.0;
				TARGETED_DEVICE_FAMILY = "1,2";
				TEST_HOST = "$(BUILT_PRODUCTS_DIR)/GachaApp.app/GachaApp";
			};
			name = Release;
		};
		53B5FA3527D0548B0098A1F9 /* Debug */ = {
			isa = XCBuildConfiguration;
			buildSettings = {
				ALWAYS_EMBED_SWIFT_STANDARD_LIBRARIES = YES;
				CODE_SIGN_STYLE = Automatic;
				CURRENT_PROJECT_VERSION = 1;
				GENERATE_INFOPLIST_FILE = YES;
				MARKETING_VERSION = 1.0;
				PRODUCT_BUNDLE_IDENTIFIER = com.hoge.GachaAppUITests;
				PRODUCT_NAME = "$(TARGET_NAME)";
				SWIFT_EMIT_LOC_STRINGS = NO;
				SWIFT_VERSION = 5.0;
				TARGETED_DEVICE_FAMILY = "1,2";
				TEST_TARGET_NAME = GachaApp;
			};
			name = Debug;
		};
		53B5FA3627D0548B0098A1F9 /* Release */ = {
			isa = XCBuildConfiguration;
			buildSettings = {
				ALWAYS_EMBED_SWIFT_STANDARD_LIBRARIES = YES;
				CODE_SIGN_STYLE = Automatic;
				CURRENT_PROJECT_VERSION = 1;
				GENERATE_INFOPLIST_FILE = YES;
				MARKETING_VERSION = 1.0;
				PRODUCT_BUNDLE_IDENTIFIER = com.hoge.GachaAppUITests;
				PRODUCT_NAME = "$(TARGET_NAME)";
				SWIFT_EMIT_LOC_STRINGS = NO;
				SWIFT_VERSION = 5.0;
				TARGETED_DEVICE_FAMILY = "1,2";
				TEST_TARGET_NAME = GachaApp;
			};
			name = Release;
		};
/* End XCBuildConfiguration section */

/* Begin XCConfigurationList section */
		53B5F9FF27D0547F0098A1F9 /* Build configuration list for PBXProject "GachaApp" */ = {
			isa = XCConfigurationList;
			buildConfigurations = (
				53B5FA2C27D0548B0098A1F9 /* Debug */,
				53B5FA2D27D0548B0098A1F9 /* Release */,
			);
			defaultConfigurationIsVisible = 0;
			defaultConfigurationName = Release;
		};
		53B5FA2E27D0548B0098A1F9 /* Build configuration list for PBXNativeTarget "GachaApp" */ = {
			isa = XCConfigurationList;
			buildConfigurations = (
				53B5FA2F27D0548B0098A1F9 /* Debug */,
				53B5FA3027D0548B0098A1F9 /* Release */,
			);
			defaultConfigurationIsVisible = 0;
			defaultConfigurationName = Release;
		};
		53B5FA3127D0548B0098A1F9 /* Build configuration list for PBXNativeTarget "GachaAppTests" */ = {
			isa = XCConfigurationList;
			buildConfigurations = (
				53B5FA3227D0548B0098A1F9 /* Debug */,
				53B5FA3327D0548B0098A1F9 /* Release */,
			);
			defaultConfigurationIsVisible = 0;
			defaultConfigurationName = Release;
		};
		53B5FA3427D0548B0098A1F9 /* Build configuration list for PBXNativeTarget "GachaAppUITests" */ = {
			isa = XCConfigurationList;
			buildConfigurations = (
				53B5FA3527D0548B0098A1F9 /* Debug */,
				53B5FA3627D0548B0098A1F9 /* Release */,
			);
			defaultConfigurationIsVisible = 0;
			defaultConfigurationName = Release;
		};
/* End XCConfigurationList section */
	};
	rootObject = 53B5F9FC27D0547F0098A1F9 /* Project object */;
}
